[{<<"ranch">>,
  {git,"git://github.com/ninenines/ranch.git",
       {ref,"adf1822defc2b7cfdc7aca112adabfa1d614043c"}},
  2},
 {<<"meck">>,
  {git,"git://github.com/eproxus/meck",
       {ref,"dde759050eff19a1a80fd854d7375174b191665d"}},
  2},
 {<<"cowlib">>,
  {git,"git://github.com/ninenines/cowlib.git",
       {ref,"d544a494af4dbc810fc9c15eaf5cc050cced1501"}},
  2},
 {<<"bear">>,
  {git,"git://github.com/boundary/bear.git",
       {ref,"119234548783af19b8ec75c879c5062676b92571"}},
  2},
 {<<"ibrowse">>,
  {git,"git://github.com/cmullaparthi/ibrowse.git",
       {ref,"8c46b108bb648119b90433f9c60ed36bb25e29cd"}},
  1},
 {<<"folsom">>,
  {git,"git://github.com/boundary/folsom",
       {ref,"f660becd1f71b57df67e53c20df09a02f42319ab"}},
  1},
 {<<"cowboy">>,
  {git,"https://github.com/extend/cowboy.git",
       {ref,"3d9078018d7f0a83a359b70c698d35e35fbb94f9"}},
  1},
 {<<"folsom_cowboy">>,
  {git,"git@github.com:boundary/folsom_cowboy.git",
       {ref,"47a8da549112205eef9ace6b18ba26708cd4358c"}},
  0},
 {<<"derp_dep">>,
  {git,"git@github.com:ypaq/derp_dep.git",
       {ref,"c7235414a1a690223cf1f83216de35b93bd9d230"}},
  0}].
